
Microsoft Visual Studio Solution File, Format Version 12.00
# Visual Studio Version 16
VisualStudioVersion = 16.0.32413.511
MinimumVisualStudioVersion = 10.0.40219.1
Project("{9A19103F-16F7-4668-BE54-9A1E7A4F7556}") = "DBAndAPIProject", "TestProject3\DBAndAPIProject.csproj", "{A9BA9E07-A709-4831-8418-5422312736B6}"
EndProject
Global
	GlobalSection(SolutionConfigurationPlatforms) = preSolution
		Debug|Any CPU = Debug|Any CPU
		Release|Any CPU = Release|Any CPU
	EndGlobalSection
	GlobalSection(ProjectConfigurationPlatforms) = postSolution
		{A9BA9E07-A709-4831-8418-5422312736B6}.Debug|Any CPU.ActiveCfg = Debug|Any CPU
		{A9BA9E07-A709-4831-8418-5422312736B6}.Debug|Any CPU.Build.0 = Debug|Any CPU
		{A9BA9E07-A709-4831-8418-5422312736B6}.Release|Any CPU.ActiveCfg = Release|Any CPU
		{A9BA9E07-A709-4831-8418-5422312736B6}.Release|Any CPU.Build.0 = Release|Any CPU
	EndGlobalSection
	GlobalSection(SolutionProperties) = preSolution
		HideSolutionNode = FALSE
	EndGlobalSection
	GlobalSection(ExtensibilityGlobals) = postSolution
		SolutionGuid = {E0419572-400B-4055-9828-9BE7A4DEED2E}
	EndGlobalSection
EndGlobal
